{
  "name": "ton-staking-sdk-example-local",
  "version": "1.0.0",
  "lockfileVersion": 3,
  "requires": true,
  "packages": {
    "": {
      "name": "ton-staking-sdk-example-local",
      "version": "1.0.0",
      "license": "ISC",
      "dependencies": {
        "@tokamak-network/ton-staking-sdk": "^0.0.18"
      }
    },
    "node_modules/@tokamak-network/ton-staking-sdk": {
      "version": "0.0.18",
      "resolved": "https://registry.npmjs.org/@tokamak-network/ton-staking-sdk/-/ton-staking-sdk-0.0.18.tgz",
      "integrity": "sha512-XltLyACEJl6+8miYDYTaNEyO08mbQM13Ub+wMpF0b+MOltpVuL3k8skyEyLSd2n3/UgA3CJLxcZzs7SiKSAFNA==",
      "license": "ISC"
    }
  }
}
